// !$*UTF8*$!
{
	archiveVersion = 1;
	classes = {
	};
	objectVersion = 46;
	objects = {

/* Begin PBXBuildFile section */
		1931D13C15ABA45D0006DD53 /* UIKit.framework in Frameworks */ = {isa = PBXBuildFile; fileRef = 1931D13B15ABA45D0006DD53 /* UIKit.framework */; };
		1931D13E15ABA45D0006DD53 /* Foundation.framework in Frameworks */ = {isa = PBXBuildFile; fileRef = 1931D13D15ABA45D0006DD53 /* Foundation.framework */; };
		1931D14015ABA45D0006DD53 /* CoreGraphics.framework in Frameworks */ = {isa = PBXBuildFile; fileRef = 1931D13F15ABA45D0006DD53 /* CoreGraphics.framework */; };
		1931D14615ABA45D0006DD53 /* InfoPlist.strings in Resources */ = {isa = PBXBuildFile; fileRef = 1931D14415ABA45D0006DD53 /* InfoPlist.strings */; };
		1931D14815ABA45E0006DD53 /* main.m in Sources */ = {isa = PBXBuildFile; fileRef = 1931D14715ABA45E0006DD53 /* main.m */; };
		1931D14C15ABA45E0006DD53 /* thgpAppDelegate.m in Sources */ = {isa = PBXBuildFile; fileRef = 1931D14B15ABA45E0006DD53 /* thgpAppDelegate.m */; };
		1931D14F15ABA45E0006DD53 /* MainStoryboard.storyboard in Resources */ = {isa = PBXBuildFile; fileRef = 1931D14D15ABA45E0006DD53 /* MainStoryboard.storyboard */; };
		1931D15215ABA45E0006DD53 /* thgpViewController.m in Sources */ = {isa = PBXBuildFile; fileRef = 1931D15115ABA45E0006DD53 /* thgpViewController.m */; };
/* End PBXBuildFile section */

/* Begin PBXFileReference section */
		1931D13715ABA45D0006DD53 /* binary2l.app */ = {isa = PBXFileReference; explicitFileType = wrapper.application; includeInIndex = 0; path = binary2l.app; sourceTree = BUILT_PRODUCTS_DIR; };
		1931D13B15ABA45D0006DD53 /* UIKit.framework */ = {isa = PBXFileReference; lastKnownFileType = wrapper.framework; name = UIKit.framework; path = System/Library/Frameworks/UIKit.framework; sourceTree = SDKROOT; };
		1931D13D15ABA45D0006DD53 /* Foundation.framework */ = {isa = PBXFileReference; lastKnownFileType = wrapper.framework; name = Foundation.framework; path = System/Library/Frameworks/Foundation.framework; sourceTree = SDKROOT; };
		1931D13F15ABA45D0006DD53 /* CoreGraphics.framework */ = {isa = PBXFileReference; lastKnownFileType = wrapper.framework; name = CoreGraphics.framework; path = System/Library/Frameworks/CoreGraphics.framework; sourceTree = SDKROOT; };
		1931D14315ABA45D0006DD53 /* binary2l-Info.plist */ = {isa = PBXFileReference; lastKnownFileType = text.plist.xml; path = "binary2l-Info.plist"; sourceTree = "<group>"; };
		1931D14515ABA45D0006DD53 /* en */ = {isa = PBXFileReference; lastKnownFileType = text.plist.strings; name = en; path = en.lproj/InfoPlist.strings; sourceTree = "<group>"; };
		1931D14715ABA45E0006DD53 /* main.m */ = {isa = PBXFileReference; lastKnownFileType = sourcecode.c.objc; path = main.m; sourceTree = "<group>"; };
		1931D14915ABA45E0006DD53 /* binary2l-Prefix.pch */ = {isa = PBXFileReference; lastKnownFileType = sourcecode.c.h; path = "binary2l-Prefix.pch"; sourceTree = "<group>"; };
		1931D14A15ABA45E0006DD53 /* thgpAppDelegate.h */ = {isa = PBXFileReference; lastKnownFileType = sourcecode.c.h; path = thgpAppDelegate.h; sourceTree = "<group>"; };
		1931D14B15ABA45E0006DD53 /* thgpAppDelegate.m */ = {isa = PBXFileReference; lastKnownFileType = sourcecode.c.objc; path = thgpAppDelegate.m; sourceTree = "<group>"; };
		1931D14E15ABA45E0006DD53 /* en */ = {isa = PBXFileReference; lastKnownFileType = file.storyboard; name = en; path = en.lproj/MainStoryboard.storyboard; sourceTree = "<group>"; };
		1931D15015ABA45E0006DD53 /* thgpViewController.h */ = {isa = PBXFileReference; lastKnownFileType = sourcecode.c.h; path = thgpViewController.h; sourceTree = "<group>"; };
		1931D15115ABA45E0006DD53 /* thgpViewController.m */ = {isa = PBXFileReference; lastKnownFileType = sourcecode.c.objc; path = thgpViewController.m; sourceTree = "<group>"; };
/* End PBXFileReference section */

/* Begin PBXFrameworksBuildPhase section */
		1931D13415ABA45D0006DD53 /* Frameworks */ = {
			isa = PBXFrameworksBuildPhase;
			buildActionMask = 2147483647;
			files = (
				1931D13C15ABA45D0006DD53 /* UIKit.framework in Frameworks */,
				1931D13E15ABA45D0006DD53 /* Foundation.framework in Frameworks */,
				1931D14015ABA45D0006DD53 /* CoreGraphics.framework in Frameworks */,
			);
			runOnlyForDeploymentPostprocessing = 0;
		};
/* End PBXFrameworksBuildPhase section */

/* Begin PBXGroup section */
		1931D12C15ABA45D0006DD53 = {
			isa = PBXGroup;
			children = (
				1931D14115ABA45D0006DD53 /* binary2l */,
				1931D13A15ABA45D0006DD53 /* Frameworks */,
				1931D13815ABA45D0006DD53 /* Products */,
			);
			sourceTree = "<group>";
		};
		1931D13815ABA45D0006DD53 /* Products */ = {
			isa = PBXGroup;
			children = (
				1931D13715ABA45D0006DD53 /* binary2l.app */,
			);
			name = Products;
			sourceTree = "<group>";
		};
		1931D13A15ABA45D0006DD53 /* Frameworks */ = {
			isa = PBXGroup;
			children = (
				1931D13B15ABA45D0006DD53 /* UIKit.framework */,
				1931D13D15ABA45D0006DD53 /* Foundation.framework */,
				1931D13F15ABA45D0006DD53 /* CoreGraphics.framework */,
			);
			name = Frameworks;
			sourceTree = "<group>";
		};
		1931D14115ABA45D0006DD53 /* binary2l */ = {
			isa = PBXGroup;
			children = (
				1931D14A15ABA45E0006DD53 /* thgpAppDelegate.h */,
				1931D14B15ABA45E0006DD53 /* thgpAppDelegate.m */,
				1931D14D15ABA45E0006DD53 /* MainStoryboard.storyboard */,
				1931D15015ABA45E0006DD53 /* thgpViewController.h */,
				1931D15115ABA45E0006DD53 /* thgpViewController.m */,
				1931D14215ABA45D0006DD53 /* Supporting Files */,
			);
			path = binary2l;
			sourceTree = "<group>";
		};
		1931D14215ABA45D0006DD53 /* Supporting Files */ = {
			isa = PBXGroup;
			children = (
				1931D14315ABA45D0006DD53 /* binary2l-Info.plist */,
				1931D14415ABA45D0006DD53 /* InfoPlist.strings */,
				1931D14715ABA45E0006DD53 /* main.m */,
				1931D14915ABA45E0006DD53 /* binary2l-Prefix.pch */,
			);
			name = "Supporting Files";
			sourceTree = "<group>";
		};
/* End PBXGroup section */

/* Begin PBXNativeTarget section */
		1931D13615ABA45D0006DD53 /* binary2l */ = {
			isa = PBXNativeTarget;
			buildConfigurationList = 1931D15515ABA45E0006DD53 /* Build configuration list for PBXNativeTarget "binary2l" */;
			buildPhases = (
				1931D13315ABA45D0006DD53 /* Sources */,
				1931D13415ABA45D0006DD53 /* Frameworks */,
				1931D13515ABA45D0006DD53 /* Resources */,
			);
			buildRules = (
			);
			dependencies = (
			);
			name = binary2l;
			productName = binary2l;
			productReference = 1931D13715ABA45D0006DD53 /* binary2l.app */;
			productType = "com.apple.product-type.application";
		};
/* End PBXNativeTarget section */

/* Begin PBXProject section */
		1931D12E15ABA45D0006DD53 /* Project object */ = {
			isa = PBXProject;
			attributes = {
				CLASSPREFIX = thgp;
				LastUpgradeCheck = 0430;
			};
			buildConfigurationList = 1931D13115ABA45D0006DD53 /* Build configuration list for PBXProject "binary2l" */;
			compatibilityVersion = "Xcode 3.2";
			developmentRegion = English;
			hasScannedForEncodings = 0;
			knownRegions = (
				en,
			);
			mainGroup = 1931D12C15ABA45D0006DD53;
			productRefGroup = 1931D13815ABA45D0006DD53 /* Products */;
			projectDirPath = "";
			projectRoot = "";
			targets = (
				1931D13615ABA45D0006DD53 /* binary2l */,
			);
		};
/* End PBXProject section */

/* Begin PBXResourcesBuildPhase section */
		1931D13515ABA45D0006DD53 /* Resources */ = {
			isa = PBXResourcesBuildPhase;
			buildActionMask = 2147483647;
			files = (
				1931D14615ABA45D0006DD53 /* InfoPlist.strings in Resources */,
				1931D14F15ABA45E0006DD53 /* MainStoryboard.storyboard in Resources */,
			);
			runOnlyForDeploymentPostprocessing = 0;
		};
/* End PBXResourcesBuildPhase section */

/* Begin PBXSourcesBuildPhase section */
		1931D13315ABA45D0006DD53 /* Sources */ = {
			isa = PBXSourcesBuildPhase;
			buildActionMask = 2147483647;
			files = (
				1931D14815ABA45E0006DD53 /* main.m in Sources */,
				1931D14C15ABA45E0006DD53 /* thgpAppDelegate.m in Sources */,
				1931D15215ABA45E0006DD53 /* thgpViewController.m in Sources */,
			);
			runOnlyForDeploymentPostprocessing = 0;
		};
/* End PBXSourcesBuildPhase section */

/* Begin PBXVariantGroup section */
		1931D14415ABA45D0006DD53 /* InfoPlist.strings */ = {
			isa = PBXVariantGroup;
			children = (
				1931D14515ABA45D0006DD53 /* en */,
			);
			name = InfoPlist.strings;
			sourceTree = "<group>";
		};
		1931D14D15ABA45E0006DD53 /* MainStoryboard.storyboard */ = {
			isa = PBXVariantGroup;
			children = (
				1931D14E15ABA45E0006DD53 /* en */,
			);
			name = MainStoryboard.storyboard;
			sourceTree = "<group>";
		};
/* End PBXVariantGroup section */

/* Begin XCBuildConfiguration section */
		1931D15315ABA45E0006DD53 /* Debug */ = {
			isa = XCBuildConfiguration;
			buildSettings = {
				ALWAYS_SEARCH_USER_PATHS = NO;
				ARCHS = "$(ARCHS_STANDARD_32_BIT)";
				CLANG_ENABLE_OBJC_ARC = YES;
				"CODE_SIGN_IDENTITY[sdk=iphoneos*]" = "iPhone Developer";
				COPY_PHASE_STRIP = NO;
				GCC_C_LANGUAGE_STANDARD = gnu99;
				GCC_DYNAMIC_NO_PIC = NO;
				GCC_OPTIMIZATION_LEVEL = 0;
				GCC_PREPROCESSOR_DEFINITIONS = (
					"DEBUG=1",
					"$(inherited)",
				);
				GCC_SYMBOLS_PRIVATE_EXTERN = NO;
				GCC_VERSION = com.apple.compilers.llvm.clang.1_0;
				GCC_WARN_ABOUT_RETURN_TYPE = YES;
				GCC_WARN_UNINITIALIZED_AUTOS = YES;
				GCC_WARN_UNUSED_VARIABLE = YES;
				IPHONEOS_DEPLOYMENT_TARGET = 5.1;
				SDKROOT = iphoneos;
			};
			name = Debug;
		};
		1931D15415ABA45E0006DD53 /* Release */ = {
			isa = XCBuildConfiguration;
			buildSettings = {
				ALWAYS_SEARCH_USER_PATHS = NO;
				ARCHS = "$(ARCHS_STANDARD_32_BIT)";
				CLANG_ENABLE_OBJC_ARC = YES;
				"CODE_SIGN_IDENTITY[sdk=iphoneos*]" = "iPhone Developer";
				COPY_PHASE_STRIP = YES;
				GCC_C_LANGUAGE_STANDARD = gnu99;
				GCC_VERSION = com.apple.compilers.llvm.clang.1_0;
				GCC_WARN_ABOUT_RETURN_TYPE = YES;
				GCC_WARN_UNINITIALIZED_AUTOS = YES;
				GCC_WARN_UNUSED_VARIABLE = YES;
				IPHONEOS_DEPLOYMENT_TARGET = 5.1;
				OTHER_CFLAGS = "-DNS_BLOCK_ASSERTIONS=1";
				SDKROOT = iphoneos;
				VALIDATE_PRODUCT = YES;
			};
			name = Release;
		};
		1931D15615ABA45E0006DD53 /* Debug */ = {
			isa = XCBuildConfiguration;
			buildSettings = {
				GCC_PRECOMPILE_PREFIX_HEADER = YES;
				GCC_PREFIX_HEADER = "binary2l/binary2l-Prefix.pch";
				INFOPLIST_FILE = "binary2l/binary2l-Info.plist";
				PRODUCT_NAME = "$(TARGET_NAME)";
				WRAPPER_EXTENSION = app;
			};
			name = Debug;
		};
		1931D15715ABA45E0006DD53 /* Release */ = {
			isa = XCBuildConfiguration;
			buildSettings = {
				GCC_PRECOMPILE_PREFIX_HEADER = YES;
				GCC_PREFIX_HEADER = "binary2l/binary2l-Prefix.pch";
				INFOPLIST_FILE = "binary2l/binary2l-Info.plist";
				PRODUCT_NAME = "$(TARGET_NAME)";
				WRAPPER_EXTENSION = app;
			};
			name = Release;
		};
/* End XCBuildConfiguration section */

/* Begin XCConfigurationList section */
		1931D13115ABA45D0006DD53 /* Build configuration list for PBXProject "binary2l" */ = {
			isa = XCConfigurationList;
			buildConfigurations = (
				1931D15315ABA45E0006DD53 /* Debug */,
				1931D15415ABA45E0006DD53 /* Release */,
			);
			defaultConfigurationIsVisible = 0;
			defaultConfigurationName = Release;
		};
		1931D15515ABA45E0006DD53 /* Build configuration list for PBXNativeTarget "binary2l" */ = {
			isa = XCConfigurationList;
			buildConfigurations = (
				1931D15615ABA45E0006DD53 /* Debug */,
				1931D15715ABA45E0006DD53 /* Release */,
			);
			defaultConfigurationIsVisible = 0;
		};
/* End XCConfigurationList section */
	};
	rootObject = 1931D12E15ABA45D0006DD53 /* Project object */;
}
